// !$*UTF8*$!
{
	archiveVersion = 1;
	classes = {
	};
	objectVersion = 55;
	objects = {

/* Begin PBXBuildFile section */
		CE4AB89E288C3699004F23AC /* TouchdownApp.swift in Sources */ = {isa = PBXBuildFile; fileRef = CE4AB88E288C3696004F23AC /* TouchdownApp.swift */; };
		CE4AB89F288C3699004F23AC /* TouchdownApp.swift in Sources */ = {isa = PBXBuildFile; fileRef = CE4AB88E288C3696004F23AC /* TouchdownApp.swift */; };
		CE4AB8A0288C3699004F23AC /* ContentView.swift in Sources */ = {isa = PBXBuildFile; fileRef = CE4AB88F288C3696004F23AC /* ContentView.swift */; };
		CE4AB8A1288C3699004F23AC /* ContentView.swift in Sources */ = {isa = PBXBuildFile; fileRef = CE4AB88F288C3696004F23AC /* ContentView.swift */; };
		CE4AB8A2288C3699004F23AC /* Assets.xcassets in Resources */ = {isa = PBXBuildFile; fileRef = CE4AB890288C3699004F23AC /* Assets.xcassets */; };
		CE4AB8A3288C3699004F23AC /* Assets.xcassets in Resources */ = {isa = PBXBuildFile; fileRef = CE4AB890288C3699004F23AC /* Assets.xcassets */; };
		CE4AB8B0288C37F6004F23AC /* player.json in Resources */ = {isa = PBXBuildFile; fileRef = CE4AB8AC288C37F5004F23AC /* player.json */; };
		CE4AB8B1288C37F6004F23AC /* player.json in Resources */ = {isa = PBXBuildFile; fileRef = CE4AB8AC288C37F5004F23AC /* player.json */; };
		CE4AB8B2288C37F6004F23AC /* product.json in Resources */ = {isa = PBXBuildFile; fileRef = CE4AB8AD288C37F5004F23AC /* product.json */; };
		CE4AB8B3288C37F6004F23AC /* product.json in Resources */ = {isa = PBXBuildFile; fileRef = CE4AB8AD288C37F5004F23AC /* product.json */; };
		CE4AB8B4288C37F6004F23AC /* brand.json in Resources */ = {isa = PBXBuildFile; fileRef = CE4AB8AE288C37F5004F23AC /* brand.json */; };
		CE4AB8B5288C37F6004F23AC /* brand.json in Resources */ = {isa = PBXBuildFile; fileRef = CE4AB8AE288C37F5004F23AC /* brand.json */; };
		CE4AB8B6288C37F6004F23AC /* category.json in Resources */ = {isa = PBXBuildFile; fileRef = CE4AB8AF288C37F5004F23AC /* category.json */; };
		CE4AB8B7288C37F6004F23AC /* category.json in Resources */ = {isa = PBXBuildFile; fileRef = CE4AB8AF288C37F5004F23AC /* category.json */; };
/* End PBXBuildFile section */

/* Begin PBXFileReference section */
		CE4AB88E288C3696004F23AC /* TouchdownApp.swift */ = {isa = PBXFileReference; lastKnownFileType = sourcecode.swift; path = TouchdownApp.swift; sourceTree = "<group>"; };
		CE4AB88F288C3696004F23AC /* ContentView.swift */ = {isa = PBXFileReference; lastKnownFileType = sourcecode.swift; path = ContentView.swift; sourceTree = "<group>"; };
		CE4AB890288C3699004F23AC /* Assets.xcassets */ = {isa = PBXFileReference; lastKnownFileType = folder.assetcatalog; path = Assets.xcassets; sourceTree = "<group>"; };
		CE4AB895288C3699004F23AC /* Touchdown.app */ = {isa = PBXFileReference; explicitFileType = wrapper.application; includeInIndex = 0; path = Touchdown.app; sourceTree = BUILT_PRODUCTS_DIR; };
		CE4AB89B288C3699004F23AC /* Touchdown.app */ = {isa = PBXFileReference; explicitFileType = wrapper.application; includeInIndex = 0; path = Touchdown.app; sourceTree = BUILT_PRODUCTS_DIR; };
		CE4AB89D288C3699004F23AC /* macOS.entitlements */ = {isa = PBXFileReference; lastKnownFileType = text.plist.entitlements; path = macOS.entitlements; sourceTree = "<group>"; };
		CE4AB8AC288C37F5004F23AC /* player.json */ = {isa = PBXFileReference; fileEncoding = 4; lastKnownFileType = text.json; path = player.json; sourceTree = "<group>"; };
		CE4AB8AD288C37F5004F23AC /* product.json */ = {isa = PBXFileReference; fileEncoding = 4; lastKnownFileType = text.json; path = product.json; sourceTree = "<group>"; };
		CE4AB8AE288C37F5004F23AC /* brand.json */ = {isa = PBXFileReference; fileEncoding = 4; lastKnownFileType = text.json; path = brand.json; sourceTree = "<group>"; };
		CE4AB8AF288C37F5004F23AC /* category.json */ = {isa = PBXFileReference; fileEncoding = 4; lastKnownFileType = text.json; path = category.json; sourceTree = "<group>"; };
/* End PBXFileReference section */

/* Begin PBXFrameworksBuildPhase section */
		CE4AB892288C3699004F23AC /* Frameworks */ = {
			isa = PBXFrameworksBuildPhase;
			buildActionMask = 2147483647;
			files = (
			);
			runOnlyForDeploymentPostprocessing = 0;
		};
		CE4AB898288C3699004F23AC /* Frameworks */ = {
			isa = PBXFrameworksBuildPhase;
			buildActionMask = 2147483647;
			files = (
			);
			runOnlyForDeploymentPostprocessing = 0;
		};
/* End PBXFrameworksBuildPhase section */

/* Begin PBXGroup section */
		CE4AB888288C3696004F23AC = {
			isa = PBXGroup;
			children = (
				CE4AB88D288C3696004F23AC /* Shared */,
				CE4AB89C288C3699004F23AC /* macOS */,
				CE4AB896288C3699004F23AC /* Products */,
			);
			sourceTree = "<group>";
		};
		CE4AB88D288C3696004F23AC /* Shared */ = {
			isa = PBXGroup;
			children = (
				CE4AB8B8288C3832004F23AC /* Data */,
				CE4AB88E288C3696004F23AC /* TouchdownApp.swift */,
				CE4AB88F288C3696004F23AC /* ContentView.swift */,
				CE4AB890288C3699004F23AC /* Assets.xcassets */,
			);
			path = Shared;
			sourceTree = "<group>";
		};
		CE4AB896288C3699004F23AC /* Products */ = {
			isa = PBXGroup;
			children = (
				CE4AB895288C3699004F23AC /* Touchdown.app */,
				CE4AB89B288C3699004F23AC /* Touchdown.app */,
			);
			name = Products;
			sourceTree = "<group>";
		};
		CE4AB89C288C3699004F23AC /* macOS */ = {
			isa = PBXGroup;
			children = (
				CE4AB89D288C3699004F23AC /* macOS.entitlements */,
			);
			path = macOS;
			sourceTree = "<group>";
		};
		CE4AB8B8288C3832004F23AC /* Data */ = {
			isa = PBXGroup;
			children = (
				CE4AB8AE288C37F5004F23AC /* brand.json */,
				CE4AB8AF288C37F5004F23AC /* category.json */,
				CE4AB8AC288C37F5004F23AC /* player.json */,
				CE4AB8AD288C37F5004F23AC /* product.json */,
			);
			path = Data;
			sourceTree = "<group>";
		};
/* End PBXGroup section */

/* Begin PBXNativeTarget section */
		CE4AB894288C3699004F23AC /* Touchdown (iOS) */ = {
			isa = PBXNativeTarget;
			buildConfigurationList = CE4AB8A6288C3699004F23AC /* Build configuration list for PBXNativeTarget "Touchdown (iOS)" */;
			buildPhases = (
				CE4AB891288C3699004F23AC /* Sources */,
				CE4AB892288C3699004F23AC /* Frameworks */,
				CE4AB893288C3699004F23AC /* Resources */,
			);
			buildRules = (
			);
			dependencies = (
			);
			name = "Touchdown (iOS)";
			productName = "Touchdown (iOS)";
			productReference = CE4AB895288C3699004F23AC /* Touchdown.app */;
			productType = "com.apple.product-type.application";
		};
		CE4AB89A288C3699004F23AC /* Touchdown (macOS) */ = {
			isa = PBXNativeTarget;
			buildConfigurationList = CE4AB8A9288C3699004F23AC /* Build configuration list for PBXNativeTarget "Touchdown (macOS)" */;
			buildPhases = (
				CE4AB897288C3699004F23AC /* Sources */,
				CE4AB898288C3699004F23AC /* Frameworks */,
				CE4AB899288C3699004F23AC /* Resources */,
			);
			buildRules = (
			);
			dependencies = (
			);
			name = "Touchdown (macOS)";
			productName = "Touchdown (macOS)";
			productReference = CE4AB89B288C3699004F23AC /* Touchdown.app */;
			productType = "com.apple.product-type.application";
		};
/* End PBXNativeTarget section */

/* Begin PBXProject section */
		CE4AB889288C3696004F23AC /* Project object */ = {
			isa = PBXProject;
			attributes = {
				BuildIndependentTargetsInParallel = 1;
				LastSwiftUpdateCheck = 1340;
				LastUpgradeCheck = 1340;
				TargetAttributes = {
					CE4AB894288C3699004F23AC = {
						CreatedOnToolsVersion = 13.4.1;
					};
					CE4AB89A288C3699004F23AC = {
						CreatedOnToolsVersion = 13.4.1;
					};
				};
			};
			buildConfigurationList = CE4AB88C288C3696004F23AC /* Build configuration list for PBXProject "Touchdown" */;
			compatibilityVersion = "Xcode 13.0";
			developmentRegion = en;
			hasScannedForEncodings = 0;
			knownRegions = (
				en,
				Base,
			);
			mainGroup = CE4AB888288C3696004F23AC;
			productRefGroup = CE4AB896288C3699004F23AC /* Products */;
			projectDirPath = "";
			projectRoot = "";
			targets = (
				CE4AB894288C3699004F23AC /* Touchdown (iOS) */,
				CE4AB89A288C3699004F23AC /* Touchdown (macOS) */,
			);
		};
/* End PBXProject section */

/* Begin PBXResourcesBuildPhase section */
		CE4AB893288C3699004F23AC /* Resources */ = {
			isa = PBXResourcesBuildPhase;
			buildActionMask = 2147483647;
			files = (
				CE4AB8B0288C37F6004F23AC /* player.json in Resources */,
				CE4AB8B4288C37F6004F23AC /* brand.json in Resources */,
				CE4AB8B6288C37F6004F23AC /* category.json in Resources */,
				CE4AB8A2288C3699004F23AC /* Assets.xcassets in Resources */,
				CE4AB8B2288C37F6004F23AC /* product.json in Resources */,
			);
			runOnlyForDeploymentPostprocessing = 0;
		};
		CE4AB899288C3699004F23AC /* Resources */ = {
			isa = PBXResourcesBuildPhase;
			buildActionMask = 2147483647;
			files = (
				CE4AB8B1288C37F6004F23AC /* player.json in Resources */,
				CE4AB8B5288C37F6004F23AC /* brand.json in Resources */,
				CE4AB8B7288C37F6004F23AC /* category.json in Resources */,
				CE4AB8A3288C3699004F23AC /* Assets.xcassets in Resources */,
				CE4AB8B3288C37F6004F23AC /* product.json in Resources */,
			);
			runOnlyForDeploymentPostprocessing = 0;
		};
/* End PBXResourcesBuildPhase section */

/* Begin PBXSourcesBuildPhase section */
		CE4AB891288C3699004F23AC /* Sources */ = {
			isa = PBXSourcesBuildPhase;
			buildActionMask = 2147483647;
			files = (
				CE4AB8A0288C3699004F23AC /* ContentView.swift in Sources */,
				CE4AB89E288C3699004F23AC /* TouchdownApp.swift in Sources */,
			);
			runOnlyForDeploymentPostprocessing = 0;
		};
		CE4AB897288C3699004F23AC /* Sources */ = {
			isa = PBXSourcesBuildPhase;
			buildActionMask = 2147483647;
			files = (
				CE4AB8A1288C3699004F23AC /* ContentView.swift in Sources */,
				CE4AB89F288C3699004F23AC /* TouchdownApp.swift in Sources */,
			);
			runOnlyForDeploymentPostprocessing = 0;
		};
/* End PBXSourcesBuildPhase section */

/* Begin XCBuildConfiguration section */
		CE4AB8A4288C3699004F23AC /* Debug */ = {
			isa = XCBuildConfiguration;
			buildSettings = {
				ALWAYS_SEARCH_USER_PATHS = NO;
				CLANG_ANALYZER_NONNULL = YES;
				CLANG_ANALYZER_NUMBER_OBJECT_CONVERSION = YES_AGGRESSIVE;
				CLANG_CXX_LANGUAGE_STANDARD = "gnu++17";
				CLANG_ENABLE_MODULES = YES;
				CLANG_ENABLE_OBJC_ARC = YES;
				CLANG_ENABLE_OBJC_WEAK = YES;
				CLANG_WARN_BLOCK_CAPTURE_AUTORELEASING = YES;
				CLANG_WARN_BOOL_CONVERSION = YES;
				CLANG_WARN_COMMA = YES;
				CLANG_WARN_CONSTANT_CONVERSION = YES;
				CLANG_WARN_DEPRECATED_OBJC_IMPLEMENTATIONS = YES;
				CLANG_WARN_DIRECT_OBJC_ISA_USAGE = YES_ERROR;
				CLANG_WARN_DOCUMENTATION_COMMENTS = YES;
				CLANG_WARN_EMPTY_BODY = YES;
				CLANG_WARN_ENUM_CONVERSION = YES;
				CLANG_WARN_INFINITE_RECURSION = YES;
				CLANG_WARN_INT_CONVERSION = YES;
				CLANG_WARN_NON_LITERAL_NULL_CONVERSION = YES;
				CLANG_WARN_OBJC_IMPLICIT_RETAIN_SELF = YES;
				CLANG_WARN_OBJC_LITERAL_CONVERSION = YES;
				CLANG_WARN_OBJC_ROOT_CLASS = YES_ERROR;
				CLANG_WARN_QUOTED_INCLUDE_IN_FRAMEWORK_HEADER = YES;
				CLANG_WARN_RANGE_LOOP_ANALYSIS = YES;
				CLANG_WARN_STRICT_PROTOTYPES = YES;
				CLANG_WARN_SUSPICIOUS_MOVE = YES;
				CLANG_WARN_UNGUARDED_AVAILABILITY = YES_AGGRESSIVE;
				CLANG_WARN_UNREACHABLE_CODE = YES;
				CLANG_WARN__DUPLICATE_METHOD_MATCH = YES;
				COPY_PHASE_STRIP = NO;
				DEBUG_INFORMATION_FORMAT = dwarf;
				ENABLE_STRICT_OBJC_MSGSEND = YES;
				ENABLE_TESTABILITY = YES;
				GCC_C_LANGUAGE_STANDARD = gnu11;
				GCC_DYNAMIC_NO_PIC = NO;
				GCC_NO_COMMON_BLOCKS = YES;
				GCC_OPTIMIZATION_LEVEL = 0;
				GCC_PREPROCESSOR_DEFINITIONS = (
					"DEBUG=1",
					"$(inherited)",
				);
				GCC_WARN_64_TO_32_BIT_CONVERSION = YES;
				GCC_WARN_ABOUT_RETURN_TYPE = YES_ERROR;
				GCC_WARN_UNDECLARED_SELECTOR = YES;
				GCC_WARN_UNINITIALIZED_AUTOS = YES_AGGRESSIVE;
				GCC_WARN_UNUSED_FUNCTION = YES;
				GCC_WARN_UNUSED_VARIABLE = YES;
				MTL_ENABLE_DEBUG_INFO = INCLUDE_SOURCE;
				MTL_FAST_MATH = YES;
				ONLY_ACTIVE_ARCH = YES;
				SWIFT_ACTIVE_COMPILATION_CONDITIONS = DEBUG;
				SWIFT_OPTIMIZATION_LEVEL = "-Onone";
			};
			name = Debug;
		};
		CE4AB8A5288C3699004F23AC /* Release */ = {
			isa = XCBuildConfiguration;
			buildSettings = {
				ALWAYS_SEARCH_USER_PATHS = NO;
				CLANG_ANALYZER_NONNULL = YES;
				CLANG_ANALYZER_NUMBER_OBJECT_CONVERSION = YES_AGGRESSIVE;
				CLANG_CXX_LANGUAGE_STANDARD = "gnu++17";
				CLANG_ENABLE_MODULES = YES;
				CLANG_ENABLE_OBJC_ARC = YES;
				CLANG_ENABLE_OBJC_WEAK = YES;
				CLANG_WARN_BLOCK_CAPTURE_AUTORELEASING = YES;
				CLANG_WARN_BOOL_CONVERSION = YES;
				CLANG_WARN_COMMA = YES;
				CLANG_WARN_CONSTANT_CONVERSION = YES;
				CLANG_WARN_DEPRECATED_OBJC_IMPLEMENTATIONS = YES;
				CLANG_WARN_DIRECT_OBJC_ISA_USAGE = YES_ERROR;
				CLANG_WARN_DOCUMENTATION_COMMENTS = YES;
				CLANG_WARN_EMPTY_BODY = YES;
				CLANG_WARN_ENUM_CONVERSION = YES;
				CLANG_WARN_INFINITE_RECURSION = YES;
				CLANG_WARN_INT_CONVERSION = YES;
				CLANG_WARN_NON_LITERAL_NULL_CONVERSION = YES;
				CLANG_WARN_OBJC_IMPLICIT_RETAIN_SELF = YES;
				CLANG_WARN_OBJC_LITERAL_CONVERSION = YES;
				CLANG_WARN_OBJC_ROOT_CLASS = YES_ERROR;
				CLANG_WARN_QUOTED_INCLUDE_IN_FRAMEWORK_HEADER = YES;
				CLANG_WARN_RANGE_LOOP_ANALYSIS = YES;
				CLANG_WARN_STRICT_PROTOTYPES = YES;
				CLANG_WARN_SUSPICIOUS_MOVE = YES;
				CLANG_WARN_UNGUARDED_AVAILABILITY = YES_AGGRESSIVE;
				CLANG_WARN_UNREACHABLE_CODE = YES;
				CLANG_WARN__DUPLICATE_METHOD_MATCH = YES;
				COPY_PHASE_STRIP = NO;
				DEBUG_INFORMATION_FORMAT = "dwarf-with-dsym";
				ENABLE_NS_ASSERTIONS = NO;
				ENABLE_STRICT_OBJC_MSGSEND = YES;
				GCC_C_LANGUAGE_STANDARD = gnu11;
				GCC_NO_COMMON_BLOCKS = YES;
				GCC_WARN_64_TO_32_BIT_CONVERSION = YES;
				GCC_WARN_ABOUT_RETURN_TYPE = YES_ERROR;
				GCC_WARN_UNDECLARED_SELECTOR = YES;
				GCC_WARN_UNINITIALIZED_AUTOS = YES_AGGRESSIVE;
				GCC_WARN_UNUSED_FUNCTION = YES;
				GCC_WARN_UNUSED_VARIABLE = YES;
				MTL_ENABLE_DEBUG_INFO = NO;
				MTL_FAST_MATH = YES;
				SWIFT_COMPILATION_MODE = wholemodule;
				SWIFT_OPTIMIZATION_LEVEL = "-O";
			};
			name = Release;
		};
		CE4AB8A7288C3699004F23AC /* Debug */ = {
			isa = XCBuildConfiguration;
			buildSettings = {
				ASSETCATALOG_COMPILER_APPICON_NAME = AppIcon;
				ASSETCATALOG_COMPILER_GLOBAL_ACCENT_COLOR_NAME = AccentColor;
				CODE_SIGN_STYLE = Automatic;
				CURRENT_PROJECT_VERSION = 1;
				DEVELOPMENT_TEAM = 2U56DP6BMP;
				ENABLE_PREVIEWS = YES;
				GENERATE_INFOPLIST_FILE = YES;
				INFOPLIST_KEY_UIApplicationSceneManifest_Generation = YES;
				INFOPLIST_KEY_UIApplicationSupportsIndirectInputEvents = YES;
				INFOPLIST_KEY_UILaunchScreen_Generation = YES;
				INFOPLIST_KEY_UISupportedInterfaceOrientations_iPad = "UIInterfaceOrientationPortrait UIInterfaceOrientationPortraitUpsideDown UIInterfaceOrientationLandscapeLeft UIInterfaceOrientationLandscapeRight";
				INFOPLIST_KEY_UISupportedInterfaceOrientations_iPhone = "UIInterfaceOrientationPortrait UIInterfaceOrientationLandscapeLeft UIInterfaceOrientationLandscapeRight";
				IPHONEOS_DEPLOYMENT_TARGET = 15.5;
				LD_RUNPATH_SEARCH_PATHS = (
					"$(inherited)",
					"@executable_path/Frameworks",
				);
				MARKETING_VERSION = 1.0;
				PRODUCT_BUNDLE_IDENTIFIER = com.andrealmeida.Touchdown;
				PRODUCT_NAME = Touchdown;
				SDKROOT = iphoneos;
				SWIFT_EMIT_LOC_STRINGS = YES;
				SWIFT_VERSION = 5.0;
				TARGETED_DEVICE_FAMILY = "1,2";
			};
			name = Debug;
		};
		CE4AB8A8288C3699004F23AC /* Release */ = {
			isa = XCBuildConfiguration;
			buildSettings = {
				ASSETCATALOG_COMPILER_APPICON_NAME = AppIcon;
				ASSETCATALOG_COMPILER_GLOBAL_ACCENT_COLOR_NAME = AccentColor;
				CODE_SIGN_STYLE = Automatic;
				CURRENT_PROJECT_VERSION = 1;
				DEVELOPMENT_TEAM = 2U56DP6BMP;
				ENABLE_PREVIEWS = YES;
				GENERATE_INFOPLIST_FILE = YES;
				INFOPLIST_KEY_UIApplicationSceneManifest_Generation = YES;
				INFOPLIST_KEY_UIApplicationSupportsIndirectInputEvents = YES;
				INFOPLIST_KEY_UILaunchScreen_Generation = YES;
				INFOPLIST_KEY_UISupportedInterfaceOrientations_iPad = "UIInterfaceOrientationPortrait UIInterfaceOrientationPortraitUpsideDown UIInterfaceOrientationLandscapeLeft UIInterfaceOrientationLandscapeRight";
				INFOPLIST_KEY_UISupportedInterfaceOrientations_iPhone = "UIInterfaceOrientationPortrait UIInterfaceOrientationLandscapeLeft UIInterfaceOrientationLandscapeRight";
				IPHONEOS_DEPLOYMENT_TARGET = 15.5;
				LD_RUNPATH_SEARCH_PATHS = (
					"$(inherited)",
					"@executable_path/Frameworks",
				);
				MARKETING_VERSION = 1.0;
				PRODUCT_BUNDLE_IDENTIFIER = com.andrealmeida.Touchdown;
				PRODUCT_NAME = Touchdown;
				SDKROOT = iphoneos;
				SWIFT_EMIT_LOC_STRINGS = YES;
				SWIFT_VERSION = 5.0;
				TARGETED_DEVICE_FAMILY = "1,2";
				VALIDATE_PRODUCT = YES;
			};
			name = Release;
		};
		CE4AB8AA288C3699004F23AC /* Debug */ = {
			isa = XCBuildConfiguration;
			buildSettings = {
				ASSETCATALOG_COMPILER_APPICON_NAME = AppIcon;
				ASSETCATALOG_COMPILER_GLOBAL_ACCENT_COLOR_NAME = AccentColor;
				CODE_SIGN_ENTITLEMENTS = macOS/macOS.entitlements;
				CODE_SIGN_STYLE = Automatic;
				COMBINE_HIDPI_IMAGES = YES;
				CURRENT_PROJECT_VERSION = 1;
				DEVELOPMENT_TEAM = 2U56DP6BMP;
				ENABLE_HARDENED_RUNTIME = YES;
				ENABLE_PREVIEWS = YES;
				GENERATE_INFOPLIST_FILE = YES;
				INFOPLIST_KEY_NSHumanReadableCopyright = "";
				LD_RUNPATH_SEARCH_PATHS = (
					"$(inherited)",
					"@executable_path/../Frameworks",
				);
				MACOSX_DEPLOYMENT_TARGET = 12.3;
				MARKETING_VERSION = 1.0;
				PRODUCT_BUNDLE_IDENTIFIER = com.andrealmeida.Touchdown;
				PRODUCT_NAME = Touchdown;
				SDKROOT = macosx;
				SWIFT_EMIT_LOC_STRINGS = YES;
				SWIFT_VERSION = 5.0;
			};
			name = Debug;
		};
		CE4AB8AB288C3699004F23AC /* Release */ = {
			isa = XCBuildConfiguration;
			buildSettings = {
				ASSETCATALOG_COMPILER_APPICON_NAME = AppIcon;
				ASSETCATALOG_COMPILER_GLOBAL_ACCENT_COLOR_NAME = AccentColor;
				CODE_SIGN_ENTITLEMENTS = macOS/macOS.entitlements;
				CODE_SIGN_STYLE = Automatic;
				COMBINE_HIDPI_IMAGES = YES;
				CURRENT_PROJECT_VERSION = 1;
				DEVELOPMENT_TEAM = 2U56DP6BMP;
				ENABLE_HARDENED_RUNTIME = YES;
				ENABLE_PREVIEWS = YES;
				GENERATE_INFOPLIST_FILE = YES;
				INFOPLIST_KEY_NSHumanReadableCopyright = "";
				LD_RUNPATH_SEARCH_PATHS = (
					"$(inherited)",
					"@executable_path/../Frameworks",
				);
				MACOSX_DEPLOYMENT_TARGET = 12.3;
				MARKETING_VERSION = 1.0;
				PRODUCT_BUNDLE_IDENTIFIER = com.andrealmeida.Touchdown;
				PRODUCT_NAME = Touchdown;
				SDKROOT = macosx;
				SWIFT_EMIT_LOC_STRINGS = YES;
				SWIFT_VERSION = 5.0;
			};
			name = Release;
		};
/* End XCBuildConfiguration section */

/* Begin XCConfigurationList section */
		CE4AB88C288C3696004F23AC /* Build configuration list for PBXProject "Touchdown" */ = {
			isa = XCConfigurationList;
			buildConfigurations = (
				CE4AB8A4288C3699004F23AC /* Debug */,
				CE4AB8A5288C3699004F23AC /* Release */,
			);
			defaultConfigurationIsVisible = 0;
			defaultConfigurationName = Release;
		};
		CE4AB8A6288C3699004F23AC /* Build configuration list for PBXNativeTarget "Touchdown (iOS)" */ = {
			isa = XCConfigurationList;
			buildConfigurations = (
				CE4AB8A7288C3699004F23AC /* Debug */,
				CE4AB8A8288C3699004F23AC /* Release */,
			);
			defaultConfigurationIsVisible = 0;
			defaultConfigurationName = Release;
		};
		CE4AB8A9288C3699004F23AC /* Build configuration list for PBXNativeTarget "Touchdown (macOS)" */ = {
			isa = XCConfigurationList;
			buildConfigurations = (
				CE4AB8AA288C3699004F23AC /* Debug */,
				CE4AB8AB288C3699004F23AC /* Release */,
			);
			defaultConfigurationIsVisible = 0;
			defaultConfigurationName = Release;
		};
/* End XCConfigurationList section */
	};
	rootObject = CE4AB889288C3696004F23AC /* Project object */;
}
